
Microsoft Visual Studio Solution File, Format Version 12.00
# Visual Studio Version 17
VisualStudioVersion = 17.14.36310.24
MinimumVisualStudioVersion = 10.0.40219.1
Project("{FAE04EC0-301F-11D3-BF4B-00C04F79EFBC}") = "PRELIM_LAB3_BSIT_31A3_RachelleAnne_Lucban", "PrelimLab3\PRELIM_LAB3_BSIT_31A3_RachelleAnne_Lucban.csproj", "{5564E9A1-2D96-4188-A8F4-45F6A3A60E2E}"
EndProject
Global
	GlobalSection(SolutionConfigurationPlatforms) = preSolution
		Debug|Any CPU = Debug|Any CPU
		Release|Any CPU = Release|Any CPU
	EndGlobalSection
	GlobalSection(ProjectConfigurationPlatforms) = postSolution
		{5564E9A1-2D96-4188-A8F4-45F6A3A60E2E}.Debug|Any CPU.ActiveCfg = Debug|Any CPU
		{5564E9A1-2D96-4188-A8F4-45F6A3A60E2E}.Debug|Any CPU.Build.0 = Debug|Any CPU
		{5564E9A1-2D96-4188-A8F4-45F6A3A60E2E}.Release|Any CPU.ActiveCfg = Release|Any CPU
		{5564E9A1-2D96-4188-A8F4-45F6A3A60E2E}.Release|Any CPU.Build.0 = Release|Any CPU
	EndGlobalSection
	GlobalSection(SolutionProperties) = preSolution
		HideSolutionNode = FALSE
	EndGlobalSection
	GlobalSection(ExtensibilityGlobals) = postSolution
		SolutionGuid = {428D1D85-D6DA-4805-A83D-42E24A9B8008}
	EndGlobalSection
EndGlobal
